
Microsoft Visual Studio Solution File, Format Version 12.00
# Visual Studio Version 17
VisualStudioVersion = 17.13.35825.156
MinimumVisualStudioVersion = 10.0.40219.1
Project("{8BC9CEB8-8B4A-11D0-8D11-00A0C91BC942}") = "HelloOpenCV", "HelloOpenCV\HelloOpenCV.vcxproj", "{FD4E973E-61AF-4E46-A980-C8F28A55E5A2}"
EndProject
Project("{8BC9CEB8-8B4A-11D0-8D11-00A0C91BC942}") = "Practice1-1", "Practice1-1\Practice1-1.vcxproj", "{2E1E7BC5-0015-41CE-847E-87FE655B98A8}"
EndProject
Project("{8BC9CEB8-8B4A-11D0-8D11-00A0C91BC942}") = "Practice1-2", "Practice1-2\Practice1-2.vcxproj", "{03CEA09F-EF7F-43C1-B5AE-3D59540B1E25}"
EndProject
Project("{8BC9CEB8-8B4A-11D0-8D11-00A0C91BC942}") = "Practice1-3", "Practice1-3\Practice1-3.vcxproj", "{3319372A-9681-4CED-87A5-908EC87691A5}"
EndProject
Project("{8BC9CEB8-8B4A-11D0-8D11-00A0C91BC942}") = "Practice1-4", "Practice1-4\Practice1-4.vcxproj", "{0826F42B-4197-4A71-B8B6-C2DBD98D2042}"
EndProject
Project("{8BC9CEB8-8B4A-11D0-8D11-00A0C91BC942}") = "Practice2-1", "Practice2-1\Practice2-1.vcxproj", "{862F6FD0-3BF3-4DD0-B0B2-A7F6E7D89DA6}"
EndProject
Project("{8BC9CEB8-8B4A-11D0-8D11-00A0C91BC942}") = "Practice2-2", "Practice2-2\Practice2-2.vcxproj", "{E9B6095C-E278-47AE-B68D-3B37E608B51D}"
EndProject
Project("{8BC9CEB8-8B4A-11D0-8D11-00A0C91BC942}") = "Practice3-1", "Practice3-1\Practice3-1.vcxproj", "{9BFAF779-600D-4C2C-BDC9-8CD044B4C70A}"
EndProject
Project("{8BC9CEB8-8B4A-11D0-8D11-00A0C91BC942}") = "Practice3-2", "Practice3-2\Practice3-2.vcxproj", "{548E1986-FFF9-4A39-A2FA-094C7D4D459E}"
EndProject
Project("{8BC9CEB8-8B4A-11D0-8D11-00A0C91BC942}") = "Practice3-3", "Practice3-3\Practice3-3.vcxproj", "{5889F5D0-8A35-421A-B905-DAC5CD62B960}"
EndProject
Project("{8BC9CEB8-8B4A-11D0-8D11-00A0C91BC942}") = "Practice3-4", "Practice3-4\Practice3-4.vcxproj", "{29CD23AE-C3C7-4AEF-8804-34980AA547C6}"
EndProject
Project("{8BC9CEB8-8B4A-11D0-8D11-00A0C91BC942}") = "Practice3-5", "Practice3-5\Practice3-5.vcxproj", "{F96DF717-B493-4DD4-AC5E-672100E44574}"
EndProject
Project("{8BC9CEB8-8B4A-11D0-8D11-00A0C91BC942}") = "Practice4-1", "Practice4-1\Practice4-1.vcxproj", "{006AE7D9-E197-4FDC-B767-717A3BCCCE47}"
EndProject
Project("{8BC9CEB8-8B4A-11D0-8D11-00A0C91BC942}") = "Practice4-2", "Practice4-2\Practice4-2.vcxproj", "{04D4768C-6564-4528-AB7E-95FBE2EE5DF7}"
EndProject
Project("{8BC9CEB8-8B4A-11D0-8D11-00A0C91BC942}") = "Practice4-3", "Practice4-3\Practice4-3.vcxproj", "{E5B1F59D-2052-4DB6-BF1D-927B04E6E32C}"
EndProject
Project("{8BC9CEB8-8B4A-11D0-8D11-00A0C91BC942}") = "Practice4-4", "Practice4-4\Practice4-4.vcxproj", "{7092D9BF-99BF-4D76-9B63-381E94B47DDB}"
EndProject
Project("{8BC9CEB8-8B4A-11D0-8D11-00A0C91BC942}") = "Practice4-5", "Practice4-5\Practice4-5.vcxproj", "{41AE38BB-0B3B-4D58-AF4C-D7FFF53EAA9F}"
EndProject
Project("{8BC9CEB8-8B4A-11D0-8D11-00A0C91BC942}") = "Practice4-6", "Practice4-6\Practice4-6.vcxproj", "{0C49E6C1-CB32-48E6-8ECF-25F28E9F813E}"
EndProject
Project("{8BC9CEB8-8B4A-11D0-8D11-00A0C91BC942}") = "Practice5-1", "Practice5-1\Practice5-1.vcxproj", "{0FEEC3D6-A080-40BE-A561-1B19E816B58D}"
EndProject
Project("{8BC9CEB8-8B4A-11D0-8D11-00A0C91BC942}") = "Practice5-2", "Practice5-2\Practice5-2.vcxproj", "{496CA5A4-DA5C-4322-9D6E-DC5776AC84B0}"
EndProject
Project("{8BC9CEB8-8B4A-11D0-8D11-00A0C91BC942}") = "Practice5-3", "Practice5-3\Practice5-3.vcxproj", "{90CBE9DC-189D-49F3-8341-5BF4ABDD9975}"
EndProject
Global
	GlobalSection(SolutionConfigurationPlatforms) = preSolution
		Debug|x64 = Debug|x64
		Debug|x86 = Debug|x86
		Release|x64 = Release|x64
		Release|x86 = Release|x86
	EndGlobalSection
	GlobalSection(ProjectConfigurationPlatforms) = postSolution
		{FD4E973E-61AF-4E46-A980-C8F28A55E5A2}.Debug|x64.ActiveCfg = Debug|x64
		{FD4E973E-61AF-4E46-A980-C8F28A55E5A2}.Debug|x64.Build.0 = Debug|x64
		{FD4E973E-61AF-4E46-A980-C8F28A55E5A2}.Debug|x86.ActiveCfg = Debug|Win32
		{FD4E973E-61AF-4E46-A980-C8F28A55E5A2}.Debug|x86.Build.0 = Debug|Win32
		{FD4E973E-61AF-4E46-A980-C8F28A55E5A2}.Release|x64.ActiveCfg = Release|x64
		{FD4E973E-61AF-4E46-A980-C8F28A55E5A2}.Release|x64.Build.0 = Release|x64
		{FD4E973E-61AF-4E46-A980-C8F28A55E5A2}.Release|x86.ActiveCfg = Release|Win32
		{FD4E973E-61AF-4E46-A980-C8F28A55E5A2}.Release|x86.Build.0 = Release|Win32
		{2E1E7BC5-0015-41CE-847E-87FE655B98A8}.Debug|x64.ActiveCfg = Debug|x64
		{2E1E7BC5-0015-41CE-847E-87FE655B98A8}.Debug|x64.Build.0 = Debug|x64
		{2E1E7BC5-0015-41CE-847E-87FE655B98A8}.Debug|x86.ActiveCfg = Debug|Win32
		{2E1E7BC5-0015-41CE-847E-87FE655B98A8}.Debug|x86.Build.0 = Debug|Win32
		{2E1E7BC5-0015-41CE-847E-87FE655B98A8}.Release|x64.ActiveCfg = Release|x64
		{2E1E7BC5-0015-41CE-847E-87FE655B98A8}.Release|x64.Build.0 = Release|x64
		{2E1E7BC5-0015-41CE-847E-87FE655B98A8}.Release|x86.ActiveCfg = Release|Win32
		{2E1E7BC5-0015-41CE-847E-87FE655B98A8}.Release|x86.Build.0 = Release|Win32
		{03CEA09F-EF7F-43C1-B5AE-3D59540B1E25}.Debug|x64.ActiveCfg = Debug|x64
		{03CEA09F-EF7F-43C1-B5AE-3D59540B1E25}.Debug|x64.Build.0 = Debug|x64
		{03CEA09F-EF7F-43C1-B5AE-3D59540B1E25}.Debug|x86.ActiveCfg = Debug|Win32
		{03CEA09F-EF7F-43C1-B5AE-3D59540B1E25}.Debug|x86.Build.0 = Debug|Win32
		{03CEA09F-EF7F-43C1-B5AE-3D59540B1E25}.Release|x64.ActiveCfg = Release|x64
		{03CEA09F-EF7F-43C1-B5AE-3D59540B1E25}.Release|x64.Build.0 = Release|x64
		{03CEA09F-EF7F-43C1-B5AE-3D59540B1E25}.Release|x86.ActiveCfg = Release|Win32
		{03CEA09F-EF7F-43C1-B5AE-3D59540B1E25}.Release|x86.Build.0 = Release|Win32
		{3319372A-9681-4CED-87A5-908EC87691A5}.Debug|x64.ActiveCfg = Debug|x64
		{3319372A-9681-4CED-87A5-908EC87691A5}.Debug|x64.Build.0 = Debug|x64
		{3319372A-9681-4CED-87A5-908EC87691A5}.Debug|x86.ActiveCfg = Debug|Win32
		{3319372A-9681-4CED-87A5-908EC87691A5}.Debug|x86.Build.0 = Debug|Win32
		{3319372A-9681-4CED-87A5-908EC87691A5}.Release|x64.ActiveCfg = Release|x64
		{3319372A-9681-4CED-87A5-908EC87691A5}.Release|x64.Build.0 = Release|x64
		{3319372A-9681-4CED-87A5-908EC87691A5}.Release|x86.ActiveCfg = Release|Win32
		{3319372A-9681-4CED-87A5-908EC87691A5}.Release|x86.Build.0 = Release|Win32
		{0826F42B-4197-4A71-B8B6-C2DBD98D2042}.Debug|x64.ActiveCfg = Debug|x64
		{0826F42B-4197-4A71-B8B6-C2DBD98D2042}.Debug|x64.Build.0 = Debug|x64
		{0826F42B-4197-4A71-B8B6-C2DBD98D2042}.Debug|x86.ActiveCfg = Debug|Win32
		{0826F42B-4197-4A71-B8B6-C2DBD98D2042}.Debug|x86.Build.0 = Debug|Win32
		{0826F42B-4197-4A71-B8B6-C2DBD98D2042}.Release|x64.ActiveCfg = Release|x64
		{0826F42B-4197-4A71-B8B6-C2DBD98D2042}.Release|x64.Build.0 = Release|x64
		{0826F42B-4197-4A71-B8B6-C2DBD98D2042}.Release|x86.ActiveCfg = Release|Win32
		{0826F42B-4197-4A71-B8B6-C2DBD98D2042}.Release|x86.Build.0 = Release|Win32
		{862F6FD0-3BF3-4DD0-B0B2-A7F6E7D89DA6}.Debug|x64.ActiveCfg = Debug|x64
		{862F6FD0-3BF3-4DD0-B0B2-A7F6E7D89DA6}.Debug|x64.Build.0 = Debug|x64
		{862F6FD0-3BF3-4DD0-B0B2-A7F6E7D89DA6}.Debug|x86.ActiveCfg = Debug|Win32
		{862F6FD0-3BF3-4DD0-B0B2-A7F6E7D89DA6}.Debug|x86.Build.0 = Debug|Win32
		{862F6FD0-3BF3-4DD0-B0B2-A7F6E7D89DA6}.Release|x64.ActiveCfg = Release|x64
		{862F6FD0-3BF3-4DD0-B0B2-A7F6E7D89DA6}.Release|x64.Build.0 = Release|x64
		{862F6FD0-3BF3-4DD0-B0B2-A7F6E7D89DA6}.Release|x86.ActiveCfg = Release|Win32
		{862F6FD0-3BF3-4DD0-B0B2-A7F6E7D89DA6}.Release|x86.Build.0 = Release|Win32
		{E9B6095C-E278-47AE-B68D-3B37E608B51D}.Debug|x64.ActiveCfg = Debug|x64
		{E9B6095C-E278-47AE-B68D-3B37E608B51D}.Debug|x64.Build.0 = Debug|x64
		{E9B6095C-E278-47AE-B68D-3B37E608B51D}.Debug|x86.ActiveCfg = Debug|Win32
		{E9B6095C-E278-47AE-B68D-3B37E608B51D}.Debug|x86.Build.0 = Debug|Win32
		{E9B6095C-E278-47AE-B68D-3B37E608B51D}.Release|x64.ActiveCfg = Release|x64
		{E9B6095C-E278-47AE-B68D-3B37E608B51D}.Release|x64.Build.0 = Release|x64
		{E9B6095C-E278-47AE-B68D-3B37E608B51D}.Release|x86.ActiveCfg = Release|Win32
		{E9B6095C-E278-47AE-B68D-3B37E608B51D}.Release|x86.Build.0 = Release|Win32
		{9BFAF779-600D-4C2C-BDC9-8CD044B4C70A}.Debug|x64.ActiveCfg = Debug|x64
		{9BFAF779-600D-4C2C-BDC9-8CD044B4C70A}.Debug|x64.Build.0 = Debug|x64
		{9BFAF779-600D-4C2C-BDC9-8CD044B4C70A}.Debug|x86.ActiveCfg = Debug|Win32
		{9BFAF779-600D-4C2C-BDC9-8CD044B4C70A}.Debug|x86.Build.0 = Debug|Win32
		{9BFAF779-600D-4C2C-BDC9-8CD044B4C70A}.Release|x64.ActiveCfg = Release|x64
		{9BFAF779-600D-4C2C-BDC9-8CD044B4C70A}.Release|x64.Build.0 = Release|x64
		{9BFAF779-600D-4C2C-BDC9-8CD044B4C70A}.Release|x86.ActiveCfg = Release|Win32
		{9BFAF779-600D-4C2C-BDC9-8CD044B4C70A}.Release|x86.Build.0 = Release|Win32
		{548E1986-FFF9-4A39-A2FA-094C7D4D459E}.Debug|x64.ActiveCfg = Debug|x64
		{548E1986-FFF9-4A39-A2FA-094C7D4D459E}.Debug|x64.Build.0 = Debug|x64
		{548E1986-FFF9-4A39-A2FA-094C7D4D459E}.Debug|x86.ActiveCfg = Debug|Win32
		{548E1986-FFF9-4A39-A2FA-094C7D4D459E}.Debug|x86.Build.0 = Debug|Win32
		{548E1986-FFF9-4A39-A2FA-094C7D4D459E}.Release|x64.ActiveCfg = Release|x64
		{548E1986-FFF9-4A39-A2FA-094C7D4D459E}.Release|x64.Build.0 = Release|x64
		{548E1986-FFF9-4A39-A2FA-094C7D4D459E}.Release|x86.ActiveCfg = Release|Win32
		{548E1986-FFF9-4A39-A2FA-094C7D4D459E}.Release|x86.Build.0 = Release|Win32
		{5889F5D0-8A35-421A-B905-DAC5CD62B960}.Debug|x64.ActiveCfg = Debug|x64
		{5889F5D0-8A35-421A-B905-DAC5CD62B960}.Debug|x64.Build.0 = Debug|x64
		{5889F5D0-8A35-421A-B905-DAC5CD62B960}.Debug|x86.ActiveCfg = Debug|Win32
		{5889F5D0-8A35-421A-B905-DAC5CD62B960}.Debug|x86.Build.0 = Debug|Win32
		{5889F5D0-8A35-421A-B905-DAC5CD62B960}.Release|x64.ActiveCfg = Release|x64
		{5889F5D0-8A35-421A-B905-DAC5CD62B960}.Release|x64.Build.0 = Release|x64
		{5889F5D0-8A35-421A-B905-DAC5CD62B960}.Release|x86.ActiveCfg = Release|Win32
		{5889F5D0-8A35-421A-B905-DAC5CD62B960}.Release|x86.Build.0 = Release|Win32
		{29CD23AE-C3C7-4AEF-8804-34980AA547C6}.Debug|x64.ActiveCfg = Debug|x64
		{29CD23AE-C3C7-4AEF-8804-34980AA547C6}.Debug|x64.Build.0 = Debug|x64
		{29CD23AE-C3C7-4AEF-8804-34980AA547C6}.Debug|x86.ActiveCfg = Debug|Win32
		{29CD23AE-C3C7-4AEF-8804-34980AA547C6}.Debug|x86.Build.0 = Debug|Win32
		{29CD23AE-C3C7-4AEF-8804-34980AA547C6}.Release|x64.ActiveCfg = Release|x64
		{29CD23AE-C3C7-4AEF-8804-34980AA547C6}.Release|x64.Build.0 = Release|x64
		{29CD23AE-C3C7-4AEF-8804-34980AA547C6}.Release|x86.ActiveCfg = Release|Win32
		{29CD23AE-C3C7-4AEF-8804-34980AA547C6}.Release|x86.Build.0 = Release|Win32
		{F96DF717-B493-4DD4-AC5E-672100E44574}.Debug|x64.ActiveCfg = Debug|x64
		{F96DF717-B493-4DD4-AC5E-672100E44574}.Debug|x64.Build.0 = Debug|x64
		{F96DF717-B493-4DD4-AC5E-672100E44574}.Debug|x86.ActiveCfg = Debug|Win32
		{F96DF717-B493-4DD4-AC5E-672100E44574}.Debug|x86.Build.0 = Debug|Win32
		{F96DF717-B493-4DD4-AC5E-672100E44574}.Release|x64.ActiveCfg = Release|x64
		{F96DF717-B493-4DD4-AC5E-672100E44574}.Release|x64.Build.0 = Release|x64
		{F96DF717-B493-4DD4-AC5E-672100E44574}.Release|x86.ActiveCfg = Release|Win32
		{F96DF717-B493-4DD4-AC5E-672100E44574}.Release|x86.Build.0 = Release|Win32
		{006AE7D9-E197-4FDC-B767-717A3BCCCE47}.Debug|x64.ActiveCfg = Debug|x64
		{006AE7D9-E197-4FDC-B767-717A3BCCCE47}.Debug|x64.Build.0 = Debug|x64
		{006AE7D9-E197-4FDC-B767-717A3BCCCE47}.Debug|x86.ActiveCfg = Debug|Win32
		{006AE7D9-E197-4FDC-B767-717A3BCCCE47}.Debug|x86.Build.0 = Debug|Win32
		{006AE7D9-E197-4FDC-B767-717A3BCCCE47}.Release|x64.ActiveCfg = Release|x64
		{006AE7D9-E197-4FDC-B767-717A3BCCCE47}.Release|x64.Build.0 = Release|x64
		{006AE7D9-E197-4FDC-B767-717A3BCCCE47}.Release|x86.ActiveCfg = Release|Win32
		{006AE7D9-E197-4FDC-B767-717A3BCCCE47}.Release|x86.Build.0 = Release|Win32
		{04D4768C-6564-4528-AB7E-95FBE2EE5DF7}.Debug|x64.ActiveCfg = Debug|x64
		{04D4768C-6564-4528-AB7E-95FBE2EE5DF7}.Debug|x64.Build.0 = Debug|x64
		{04D4768C-6564-4528-AB7E-95FBE2EE5DF7}.Debug|x86.ActiveCfg = Debug|Win32
		{04D4768C-6564-4528-AB7E-95FBE2EE5DF7}.Debug|x86.Build.0 = Debug|Win32
		{04D4768C-6564-4528-AB7E-95FBE2EE5DF7}.Release|x64.ActiveCfg = Release|x64
		{04D4768C-6564-4528-AB7E-95FBE2EE5DF7}.Release|x64.Build.0 = Release|x64
		{04D4768C-6564-4528-AB7E-95FBE2EE5DF7}.Release|x86.ActiveCfg = Release|Win32
		{04D4768C-6564-4528-AB7E-95FBE2EE5DF7}.Release|x86.Build.0 = Release|Win32
		{E5B1F59D-2052-4DB6-BF1D-927B04E6E32C}.Debug|x64.ActiveCfg = Debug|x64
		{E5B1F59D-2052-4DB6-BF1D-927B04E6E32C}.Debug|x64.Build.0 = Debug|x64
		{E5B1F59D-2052-4DB6-BF1D-927B04E6E32C}.Debug|x86.ActiveCfg = Debug|Win32
		{E5B1F59D-2052-4DB6-BF1D-927B04E6E32C}.Debug|x86.Build.0 = Debug|Win32
		{E5B1F59D-2052-4DB6-BF1D-927B04E6E32C}.Release|x64.ActiveCfg = Release|x64
		{E5B1F59D-2052-4DB6-BF1D-927B04E6E32C}.Release|x64.Build.0 = Release|x64
		{E5B1F59D-2052-4DB6-BF1D-927B04E6E32C}.Release|x86.ActiveCfg = Release|Win32
		{E5B1F59D-2052-4DB6-BF1D-927B04E6E32C}.Release|x86.Build.0 = Release|Win32
		{7092D9BF-99BF-4D76-9B63-381E94B47DDB}.Debug|x64.ActiveCfg = Debug|x64
		{7092D9BF-99BF-4D76-9B63-381E94B47DDB}.Debug|x64.Build.0 = Debug|x64
		{7092D9BF-99BF-4D76-9B63-381E94B47DDB}.Debug|x86.ActiveCfg = Debug|Win32
		{7092D9BF-99BF-4D76-9B63-381E94B47DDB}.Debug|x86.Build.0 = Debug|Win32
		{7092D9BF-99BF-4D76-9B63-381E94B47DDB}.Release|x64.ActiveCfg = Release|x64
		{7092D9BF-99BF-4D76-9B63-381E94B47DDB}.Release|x64.Build.0 = Release|x64
		{7092D9BF-99BF-4D76-9B63-381E94B47DDB}.Release|x86.ActiveCfg = Release|Win32
		{7092D9BF-99BF-4D76-9B63-381E94B47DDB}.Release|x86.Build.0 = Release|Win32
		{41AE38BB-0B3B-4D58-AF4C-D7FFF53EAA9F}.Debug|x64.ActiveCfg = Debug|x64
		{41AE38BB-0B3B-4D58-AF4C-D7FFF53EAA9F}.Debug|x64.Build.0 = Debug|x64
		{41AE38BB-0B3B-4D58-AF4C-D7FFF53EAA9F}.Debug|x86.ActiveCfg = Debug|Win32
		{41AE38BB-0B3B-4D58-AF4C-D7FFF53EAA9F}.Debug|x86.Build.0 = Debug|Win32
		{41AE38BB-0B3B-4D58-AF4C-D7FFF53EAA9F}.Release|x64.ActiveCfg = Release|x64
		{41AE38BB-0B3B-4D58-AF4C-D7FFF53EAA9F}.Release|x64.Build.0 = Release|x64
		{41AE38BB-0B3B-4D58-AF4C-D7FFF53EAA9F}.Release|x86.ActiveCfg = Release|Win32
		{41AE38BB-0B3B-4D58-AF4C-D7FFF53EAA9F}.Release|x86.Build.0 = Release|Win32
		{0C49E6C1-CB32-48E6-8ECF-25F28E9F813E}.Debug|x64.ActiveCfg = Debug|x64
		{0C49E6C1-CB32-48E6-8ECF-25F28E9F813E}.Debug|x64.Build.0 = Debug|x64
		{0C49E6C1-CB32-48E6-8ECF-25F28E9F813E}.Debug|x86.ActiveCfg = Debug|Win32
		{0C49E6C1-CB32-48E6-8ECF-25F28E9F813E}.Debug|x86.Build.0 = Debug|Win32
		{0C49E6C1-CB32-48E6-8ECF-25F28E9F813E}.Release|x64.ActiveCfg = Release|x64
		{0C49E6C1-CB32-48E6-8ECF-25F28E9F813E}.Release|x64.Build.0 = Release|x64
		{0C49E6C1-CB32-48E6-8ECF-25F28E9F813E}.Release|x86.ActiveCfg = Release|Win32
		{0C49E6C1-CB32-48E6-8ECF-25F28E9F813E}.Release|x86.Build.0 = Release|Win32
		{0FEEC3D6-A080-40BE-A561-1B19E816B58D}.Debug|x64.ActiveCfg = Debug|x64
		{0FEEC3D6-A080-40BE-A561-1B19E816B58D}.Debug|x64.Build.0 = Debug|x64
		{0FEEC3D6-A080-40BE-A561-1B19E816B58D}.Debug|x86.ActiveCfg = Debug|Win32
		{0FEEC3D6-A080-40BE-A561-1B19E816B58D}.Debug|x86.Build.0 = Debug|Win32
		{0FEEC3D6-A080-40BE-A561-1B19E816B58D}.Release|x64.ActiveCfg = Release|x64
		{0FEEC3D6-A080-40BE-A561-1B19E816B58D}.Release|x64.Build.0 = Release|x64
		{0FEEC3D6-A080-40BE-A561-1B19E816B58D}.Release|x86.ActiveCfg = Release|Win32
		{0FEEC3D6-A080-40BE-A561-1B19E816B58D}.Release|x86.Build.0 = Release|Win32
		{496CA5A4-DA5C-4322-9D6E-DC5776AC84B0}.Debug|x64.ActiveCfg = Debug|x64
		{496CA5A4-DA5C-4322-9D6E-DC5776AC84B0}.Debug|x64.Build.0 = Debug|x64
		{496CA5A4-DA5C-4322-9D6E-DC5776AC84B0}.Debug|x86.ActiveCfg = Debug|Win32
		{496CA5A4-DA5C-4322-9D6E-DC5776AC84B0}.Debug|x86.Build.0 = Debug|Win32
		{496CA5A4-DA5C-4322-9D6E-DC5776AC84B0}.Release|x64.ActiveCfg = Release|x64
		{496CA5A4-DA5C-4322-9D6E-DC5776AC84B0}.Release|x64.Build.0 = Release|x64
		{496CA5A4-DA5C-4322-9D6E-DC5776AC84B0}.Release|x86.ActiveCfg = Release|Win32
		{496CA5A4-DA5C-4322-9D6E-DC5776AC84B0}.Release|x86.Build.0 = Release|Win32
		{90CBE9DC-189D-49F3-8341-5BF4ABDD9975}.Debug|x64.ActiveCfg = Debug|x64
		{90CBE9DC-189D-49F3-8341-5BF4ABDD9975}.Debug|x64.Build.0 = Debug|x64
		{90CBE9DC-189D-49F3-8341-5BF4ABDD9975}.Debug|x86.ActiveCfg = Debug|Win32
		{90CBE9DC-189D-49F3-8341-5BF4ABDD9975}.Debug|x86.Build.0 = Debug|Win32
		{90CBE9DC-189D-49F3-8341-5BF4ABDD9975}.Release|x64.ActiveCfg = Release|x64
		{90CBE9DC-189D-49F3-8341-5BF4ABDD9975}.Release|x64.Build.0 = Release|x64
		{90CBE9DC-189D-49F3-8341-5BF4ABDD9975}.Release|x86.ActiveCfg = Release|Win32
		{90CBE9DC-189D-49F3-8341-5BF4ABDD9975}.Release|x86.Build.0 = Release|Win32
	EndGlobalSection
	GlobalSection(SolutionProperties) = preSolution
		HideSolutionNode = FALSE
	EndGlobalSection
	GlobalSection(ExtensibilityGlobals) = postSolution
		SolutionGuid = {D9A3BA4E-F720-40EA-A1E0-6E1346CE7E8F}
	EndGlobalSection
EndGlobal
